
Microsoft Visual Studio Solution File, Format Version 12.00
# Visual Studio 15
VisualStudioVersion = 15.0.26430.14
MinimumVisualStudioVersion = 10.0.40219.1
Project("{FAE04EC0-301F-11D3-BF4B-00C04F79EFBC}") = "DemoCalculator", "DemoCalculator\DemoCalculator.csproj", "{8A2D1DA8-7B01-4E11-B0A6-921DBD44D229}"
EndProject
Project("{FAE04EC0-301F-11D3-BF4B-00C04F79EFBC}") = "DemoCalculatorTest", "DemoCalculatorTest\DemoCalculatorTest.csproj", "{DF0BBB2B-3B73-496B-AE61-1A940647FBE4}"
EndProject
Global
	GlobalSection(SolutionConfigurationPlatforms) = preSolution
		Debug|Any CPU = Debug|Any CPU
		Release|Any CPU = Release|Any CPU
	EndGlobalSection
	GlobalSection(ProjectConfigurationPlatforms) = postSolution
		{8A2D1DA8-7B01-4E11-B0A6-921DBD44D229}.Debug|Any CPU.ActiveCfg = Debug|Any CPU
		{8A2D1DA8-7B01-4E11-B0A6-921DBD44D229}.Debug|Any CPU.Build.0 = Debug|Any CPU
		{8A2D1DA8-7B01-4E11-B0A6-921DBD44D229}.Release|Any CPU.ActiveCfg = Release|Any CPU
		{8A2D1DA8-7B01-4E11-B0A6-921DBD44D229}.Release|Any CPU.Build.0 = Release|Any CPU
		{DF0BBB2B-3B73-496B-AE61-1A940647FBE4}.Debug|Any CPU.ActiveCfg = Debug|Any CPU
		{DF0BBB2B-3B73-496B-AE61-1A940647FBE4}.Debug|Any CPU.Build.0 = Debug|Any CPU
		{DF0BBB2B-3B73-496B-AE61-1A940647FBE4}.Release|Any CPU.ActiveCfg = Release|Any CPU
		{DF0BBB2B-3B73-496B-AE61-1A940647FBE4}.Release|Any CPU.Build.0 = Release|Any CPU
	EndGlobalSection
	GlobalSection(SolutionProperties) = preSolution
		HideSolutionNode = FALSE
	EndGlobalSection
EndGlobal
